
Microsoft Visual Studio Solution File, Format Version 12.00
# Visual Studio Version 16
VisualStudioVersion = 16.0.33927.289
MinimumVisualStudioVersion = 10.0.40219.1
Project("{2150E333-8FDC-42A3-9474-1A3956D46DE8}") = "Task0", "Task0", "{D84E9289-5590-4B99-9EA9-A64959D2D0AD}"
EndProject
Project("{FAE04EC0-301F-11D3-BF4B-00C04F79EFBC}") = "Tyuiu.PasechnikPA.Sprint0.Task0.V0", "Tyuiu.PasechnikPA.Sprint0.Task0.V0\Tyuiu.PasechnikPA.Sprint0.Task0.V0.csproj", "{DCE09AB0-F3CD-4987-B5E2-1B7331DFC4E9}"
EndProject
Project("{2150E333-8FDC-42A3-9474-1A3956D46DE8}") = "Task1", "Task1", "{F3C5C682-DD5D-43B8-B183-2AD05AE9A06C}"
EndProject
Project("{FAE04EC0-301F-11D3-BF4B-00C04F79EFBC}") = "Tyuiu.PasechnikPA.Sprit0.Task1.V0", "Tyuiu.PasechikPA.Sprit0.Task1.V0\Tyuiu.PasechnikPA.Sprit0.Task1.V0.csproj", "{FE4C40D3-46D0-4902-84E9-87F17832760F}"
EndProject
Project("{2150E333-8FDC-42A3-9474-1A3956D46DE8}") = "Task2", "Task2", "{94AC1722-DE83-48E2-8FEE-AEA2B00A190F}"
EndProject
Project("{FAE04EC0-301F-11D3-BF4B-00C04F79EFBC}") = "Tyuiu.PasechnikPA.Sprint0.Task2.V0", "Tyuiu.PasechnikPA.Sprint0.Task2.V0\Tyuiu.PasechnikPA.Sprint0.Task2.V0.csproj", "{60585DFD-35E0-4B6E-B22E-4AD5766EDBBE}"
EndProject
Project("{FAE04EC0-301F-11D3-BF4B-00C04F79EFBC}") = "Tyuiu.PasechnikPA.Sprint0.Task2.V0.Lib", "Tyuiu.PasechnikPA.Sprint0.Task2.V0.Lib\Tyuiu.PasechnikPA.Sprint0.Task2.V0.Lib.csproj", "{C9F56AF0-679D-483A-8867-A440B5033FF0}"
EndProject
Project("{FAE04EC0-301F-11D3-BF4B-00C04F79EFBC}") = "Tyuiu.PasechnikPA.Sprint0.Task2.V0.Test", "Tyuiu.PasechnikPA.Sprint0.Task2.V0.Test\Tyuiu.PasechnikPA.Sprint0.Task2.V0.Test.csproj", "{C3A1BE76-E455-4A9A-B18D-62DD291F61D3}"
EndProject
Project("{2150E333-8FDC-42A3-9474-1A3956D46DE8}") = "Task3", "Task3", "{2F149793-C345-4752-9836-E006BB6BCF9B}"
EndProject
Project("{FAE04EC0-301F-11D3-BF4B-00C04F79EFBC}") = "Tyuiu.PasechnikPA.Sprint0.Task3.V0", "Tyuiu.PasechnikPA.Sprint0.Task3.V0\Tyuiu.PasechnikPA.Sprint0.Task3.V0.csproj", "{9DFA05AD-839A-4898-A064-93C6F56252F3}"
EndProject
Project("{FAE04EC0-301F-11D3-BF4B-00C04F79EFBC}") = "Tyuiu.PasechnikPA.Sprint0.Task3.V0.Lib", "Tyuiu.PasechnikPA.Sprint0.Task3.V0.Lib\Tyuiu.PasechnikPA.Sprint0.Task3.V0.Lib.csproj", "{3BEFE920-C91B-49F4-AF77-9C061253F47C}"
EndProject
Project("{FAE04EC0-301F-11D3-BF4B-00C04F79EFBC}") = "Tyuiu.PasechnikPA.Sprint0.Task3.V0.Test", "Tyuiu.PasechnikPA.Sprint0.Task3.V0.Test\Tyuiu.PasechnikPA.Sprint0.Task3.V0.Test.csproj", "{E91C9847-AC06-40F9-B2A3-0F253367A2A7}"
EndProject
Project("{2150E333-8FDC-42A3-9474-1A3956D46DE8}") = "Task4", "Task4", "{8DD7C431-E7A8-45C2-9442-DE0C1F69BA62}"
EndProject
Project("{FAE04EC0-301F-11D3-BF4B-00C04F79EFBC}") = "Tyuiu.PasechnikPA.Sprint0.Task4.V0", "Tyuiu.PasechnikPA.Sprint0.Task4.V0\Tyuiu.PasechnikPA.Sprint0.Task4.V0.csproj", "{224E811A-0A45-4C7F-BF0E-63C347DDFFAF}"
EndProject
Project("{FAE04EC0-301F-11D3-BF4B-00C04F79EFBC}") = "Tyuiu.PasechnikPA.Sprint0.Task4.V0.Lib", "Tyuiu.PasechnikPA.Sprint0.Task4.V0.Lib\Tyuiu.PasechnikPA.Sprint0.Task4.V0.Lib.csproj", "{13FD3698-CA88-4AD0-BC87-781AF95BB1CA}"
EndProject
Project("{FAE04EC0-301F-11D3-BF4B-00C04F79EFBC}") = "Tyuiu.PasechnikPA.Sprint0.Task4.V0.Test", "Tyuiu.PasechnikPA.Sprint0.Task4.V0.Test\Tyuiu.PasechnikPA.Sprint0.Task4.V0.Test.csproj", "{039B26D4-B7D6-4A0D-B558-F7F73C09E296}"
EndProject
Project("{2150E333-8FDC-42A3-9474-1A3956D46DE8}") = "Task5", "Task5", "{CA7F0D01-A1D1-4EE5-9FD3-79864A01C305}"
EndProject
Project("{FAE04EC0-301F-11D3-BF4B-00C04F79EFBC}") = "Tyuiu.PasechnikPA.Sprint0.Task5.V0", "Tyuiu.PasechnikPA.Sprint0.Task5.V0\Tyuiu.PasechnikPA.Sprint0.Task5.V0.csproj", "{268E3467-599D-48E4-AC87-8AD01BD66924}"
EndProject
Project("{FAE04EC0-301F-11D3-BF4B-00C04F79EFBC}") = "Tyuiu.PasechnikPA.Sprint0.Task5.V0.Lib", "Tyuiu.PasechnikPA.Sprint0.Task5.V0.Lib\Tyuiu.PasechnikPA.Sprint0.Task5.V0.Lib.csproj", "{8CBE5A53-6235-401C-9E79-A8E34F080737}"
EndProject
Project("{FAE04EC0-301F-11D3-BF4B-00C04F79EFBC}") = "Tyuiu.PasechnikPA.Sprint0.Task5.V0.Test", "Tyuiu.PasechnikPA.Sprint0.Task5.V0.Test\Tyuiu.PasechnikPA.Sprint0.Task5.V0.Test.csproj", "{E2CC8B91-CEA7-45AD-B0F8-BB1A5AD3677E}"
EndProject
Global
	GlobalSection(SolutionConfigurationPlatforms) = preSolution
		Debug|Any CPU = Debug|Any CPU
		Release|Any CPU = Release|Any CPU
	EndGlobalSection
	GlobalSection(ProjectConfigurationPlatforms) = postSolution
		{DCE09AB0-F3CD-4987-B5E2-1B7331DFC4E9}.Debug|Any CPU.ActiveCfg = Debug|Any CPU
		{DCE09AB0-F3CD-4987-B5E2-1B7331DFC4E9}.Debug|Any CPU.Build.0 = Debug|Any CPU
		{DCE09AB0-F3CD-4987-B5E2-1B7331DFC4E9}.Release|Any CPU.ActiveCfg = Release|Any CPU
		{DCE09AB0-F3CD-4987-B5E2-1B7331DFC4E9}.Release|Any CPU.Build.0 = Release|Any CPU
		{FE4C40D3-46D0-4902-84E9-87F17832760F}.Debug|Any CPU.ActiveCfg = Debug|Any CPU
		{FE4C40D3-46D0-4902-84E9-87F17832760F}.Debug|Any CPU.Build.0 = Debug|Any CPU
		{FE4C40D3-46D0-4902-84E9-87F17832760F}.Release|Any CPU.ActiveCfg = Release|Any CPU
		{FE4C40D3-46D0-4902-84E9-87F17832760F}.Release|Any CPU.Build.0 = Release|Any CPU
		{60585DFD-35E0-4B6E-B22E-4AD5766EDBBE}.Debug|Any CPU.ActiveCfg = Debug|Any CPU
		{60585DFD-35E0-4B6E-B22E-4AD5766EDBBE}.Debug|Any CPU.Build.0 = Debug|Any CPU
		{60585DFD-35E0-4B6E-B22E-4AD5766EDBBE}.Release|Any CPU.ActiveCfg = Release|Any CPU
		{60585DFD-35E0-4B6E-B22E-4AD5766EDBBE}.Release|Any CPU.Build.0 = Release|Any CPU
		{C9F56AF0-679D-483A-8867-A440B5033FF0}.Debug|Any CPU.ActiveCfg = Debug|Any CPU
		{C9F56AF0-679D-483A-8867-A440B5033FF0}.Debug|Any CPU.Build.0 = Debug|Any CPU
		{C9F56AF0-679D-483A-8867-A440B5033FF0}.Release|Any CPU.ActiveCfg = Release|Any CPU
		{C9F56AF0-679D-483A-8867-A440B5033FF0}.Release|Any CPU.Build.0 = Release|Any CPU
		{C3A1BE76-E455-4A9A-B18D-62DD291F61D3}.Debug|Any CPU.ActiveCfg = Debug|Any CPU
		{C3A1BE76-E455-4A9A-B18D-62DD291F61D3}.Debug|Any CPU.Build.0 = Debug|Any CPU
		{C3A1BE76-E455-4A9A-B18D-62DD291F61D3}.Release|Any CPU.ActiveCfg = Release|Any CPU
		{C3A1BE76-E455-4A9A-B18D-62DD291F61D3}.Release|Any CPU.Build.0 = Release|Any CPU
		{9DFA05AD-839A-4898-A064-93C6F56252F3}.Debug|Any CPU.ActiveCfg = Debug|Any CPU
		{9DFA05AD-839A-4898-A064-93C6F56252F3}.Debug|Any CPU.Build.0 = Debug|Any CPU
		{9DFA05AD-839A-4898-A064-93C6F56252F3}.Release|Any CPU.ActiveCfg = Release|Any CPU
		{9DFA05AD-839A-4898-A064-93C6F56252F3}.Release|Any CPU.Build.0 = Release|Any CPU
		{3BEFE920-C91B-49F4-AF77-9C061253F47C}.Debug|Any CPU.ActiveCfg = Debug|Any CPU
		{3BEFE920-C91B-49F4-AF77-9C061253F47C}.Debug|Any CPU.Build.0 = Debug|Any CPU
		{3BEFE920-C91B-49F4-AF77-9C061253F47C}.Release|Any CPU.ActiveCfg = Release|Any CPU
		{3BEFE920-C91B-49F4-AF77-9C061253F47C}.Release|Any CPU.Build.0 = Release|Any CPU
		{E91C9847-AC06-40F9-B2A3-0F253367A2A7}.Debug|Any CPU.ActiveCfg = Debug|Any CPU
		{E91C9847-AC06-40F9-B2A3-0F253367A2A7}.Debug|Any CPU.Build.0 = Debug|Any CPU
		{E91C9847-AC06-40F9-B2A3-0F253367A2A7}.Release|Any CPU.ActiveCfg = Release|Any CPU
		{E91C9847-AC06-40F9-B2A3-0F253367A2A7}.Release|Any CPU.Build.0 = Release|Any CPU
		{224E811A-0A45-4C7F-BF0E-63C347DDFFAF}.Debug|Any CPU.ActiveCfg = Debug|Any CPU
		{224E811A-0A45-4C7F-BF0E-63C347DDFFAF}.Debug|Any CPU.Build.0 = Debug|Any CPU
		{224E811A-0A45-4C7F-BF0E-63C347DDFFAF}.Release|Any CPU.ActiveCfg = Release|Any CPU
		{224E811A-0A45-4C7F-BF0E-63C347DDFFAF}.Release|Any CPU.Build.0 = Release|Any CPU
		{13FD3698-CA88-4AD0-BC87-781AF95BB1CA}.Debug|Any CPU.ActiveCfg = Debug|Any CPU
		{13FD3698-CA88-4AD0-BC87-781AF95BB1CA}.Debug|Any CPU.Build.0 = Debug|Any CPU
		{13FD3698-CA88-4AD0-BC87-781AF95BB1CA}.Release|Any CPU.ActiveCfg = Release|Any CPU
		{13FD3698-CA88-4AD0-BC87-781AF95BB1CA}.Release|Any CPU.Build.0 = Release|Any CPU
		{039B26D4-B7D6-4A0D-B558-F7F73C09E296}.Debug|Any CPU.ActiveCfg = Debug|Any CPU
		{039B26D4-B7D6-4A0D-B558-F7F73C09E296}.Debug|Any CPU.Build.0 = Debug|Any CPU
		{039B26D4-B7D6-4A0D-B558-F7F73C09E296}.Release|Any CPU.ActiveCfg = Release|Any CPU
		{039B26D4-B7D6-4A0D-B558-F7F73C09E296}.Release|Any CPU.Build.0 = Release|Any CPU
		{268E3467-599D-48E4-AC87-8AD01BD66924}.Debug|Any CPU.ActiveCfg = Debug|Any CPU
		{268E3467-599D-48E4-AC87-8AD01BD66924}.Debug|Any CPU.Build.0 = Debug|Any CPU
		{268E3467-599D-48E4-AC87-8AD01BD66924}.Release|Any CPU.ActiveCfg = Release|Any CPU
		{268E3467-599D-48E4-AC87-8AD01BD66924}.Release|Any CPU.Build.0 = Release|Any CPU
		{8CBE5A53-6235-401C-9E79-A8E34F080737}.Debug|Any CPU.ActiveCfg = Debug|Any CPU
		{8CBE5A53-6235-401C-9E79-A8E34F080737}.Debug|Any CPU.Build.0 = Debug|Any CPU
		{8CBE5A53-6235-401C-9E79-A8E34F080737}.Release|Any CPU.ActiveCfg = Release|Any CPU
		{8CBE5A53-6235-401C-9E79-A8E34F080737}.Release|Any CPU.Build.0 = Release|Any CPU
		{E2CC8B91-CEA7-45AD-B0F8-BB1A5AD3677E}.Debug|Any CPU.ActiveCfg = Debug|Any CPU
		{E2CC8B91-CEA7-45AD-B0F8-BB1A5AD3677E}.Debug|Any CPU.Build.0 = Debug|Any CPU
		{E2CC8B91-CEA7-45AD-B0F8-BB1A5AD3677E}.Release|Any CPU.ActiveCfg = Release|Any CPU
		{E2CC8B91-CEA7-45AD-B0F8-BB1A5AD3677E}.Release|Any CPU.Build.0 = Release|Any CPU
	EndGlobalSection
	GlobalSection(SolutionProperties) = preSolution
		HideSolutionNode = FALSE
	EndGlobalSection
	GlobalSection(NestedProjects) = preSolution
		{DCE09AB0-F3CD-4987-B5E2-1B7331DFC4E9} = {D84E9289-5590-4B99-9EA9-A64959D2D0AD}
		{FE4C40D3-46D0-4902-84E9-87F17832760F} = {F3C5C682-DD5D-43B8-B183-2AD05AE9A06C}
		{60585DFD-35E0-4B6E-B22E-4AD5766EDBBE} = {94AC1722-DE83-48E2-8FEE-AEA2B00A190F}
		{C9F56AF0-679D-483A-8867-A440B5033FF0} = {94AC1722-DE83-48E2-8FEE-AEA2B00A190F}
		{C3A1BE76-E455-4A9A-B18D-62DD291F61D3} = {94AC1722-DE83-48E2-8FEE-AEA2B00A190F}
		{9DFA05AD-839A-4898-A064-93C6F56252F3} = {2F149793-C345-4752-9836-E006BB6BCF9B}
		{3BEFE920-C91B-49F4-AF77-9C061253F47C} = {2F149793-C345-4752-9836-E006BB6BCF9B}
		{E91C9847-AC06-40F9-B2A3-0F253367A2A7} = {2F149793-C345-4752-9836-E006BB6BCF9B}
		{224E811A-0A45-4C7F-BF0E-63C347DDFFAF} = {8DD7C431-E7A8-45C2-9442-DE0C1F69BA62}
		{13FD3698-CA88-4AD0-BC87-781AF95BB1CA} = {8DD7C431-E7A8-45C2-9442-DE0C1F69BA62}
		{039B26D4-B7D6-4A0D-B558-F7F73C09E296} = {8DD7C431-E7A8-45C2-9442-DE0C1F69BA62}
		{268E3467-599D-48E4-AC87-8AD01BD66924} = {CA7F0D01-A1D1-4EE5-9FD3-79864A01C305}
		{8CBE5A53-6235-401C-9E79-A8E34F080737} = {CA7F0D01-A1D1-4EE5-9FD3-79864A01C305}
		{E2CC8B91-CEA7-45AD-B0F8-BB1A5AD3677E} = {CA7F0D01-A1D1-4EE5-9FD3-79864A01C305}
	EndGlobalSection
	GlobalSection(ExtensibilityGlobals) = postSolution
		SolutionGuid = {AA2F661D-4A17-4941-8DDE-9F918BF64364}
	EndGlobalSection
EndGlobal
